
Microsoft Visual Studio Solution File, Format Version 12.00
# Visual Studio 2012
Project("{8BC9CEB8-8B4A-11D0-8D11-00A0C91BC942}") = "AioTestFixture", "AioTestFixture\AioTestFixture.vcxproj", "{FD497831-098C-4FC7-991A-773AD9A498E5}"
EndProject
Global
	GlobalSection(SolutionConfigurationPlatforms) = preSolution
		Debug|Win32 = Debug|Win32
		Release|Win32 = Release|Win32
	EndGlobalSection
	GlobalSection(ProjectConfigurationPlatforms) = postSolution
		{FD497831-098C-4FC7-991A-773AD9A498E5}.Debug|Win32.ActiveCfg = Debug|Win32
		{FD497831-098C-4FC7-991A-773AD9A498E5}.Debug|Win32.Build.0 = Debug|Win32
		{FD497831-098C-4FC7-991A-773AD9A498E5}.Release|Win32.ActiveCfg = Release|Win32
		{FD497831-098C-4FC7-991A-773AD9A498E5}.Release|Win32.Build.0 = Release|Win32
	EndGlobalSection
	GlobalSection(SolutionProperties) = preSolution
		HideSolutionNode = FALSE
	EndGlobalSection
EndGlobal
